
Microsoft Visual Studio Solution File, Format Version 12.00
# Visual Studio 2013
VisualStudioVersion = 12.0.30723.0
MinimumVisualStudioVersion = 10.0.40219.1
Project("{FAE04EC0-301F-11D3-BF4B-00C04F79EFBC}") = "SimpleCache", "SimpleCache\SimpleCache.csproj", "{6E4EFB82-74C5-4606-83C6-E50B4FD369D0}"
EndProject
Project("{FAE04EC0-301F-11D3-BF4B-00C04F79EFBC}") = "SimpleCache.Tests", "SimpleCache.Tests\SimpleCache.Tests.csproj", "{EBDE36AC-B8A9-4FE2-A9B7-FD1371DABD60}"
EndProject
Global
	GlobalSection(SolutionConfigurationPlatforms) = preSolution
		Debug|Any CPU = Debug|Any CPU
		Release|Any CPU = Release|Any CPU
	EndGlobalSection
	GlobalSection(ProjectConfigurationPlatforms) = postSolution
		{6E4EFB82-74C5-4606-83C6-E50B4FD369D0}.Debug|Any CPU.ActiveCfg = Debug|Any CPU
		{6E4EFB82-74C5-4606-83C6-E50B4FD369D0}.Debug|Any CPU.Build.0 = Debug|Any CPU
		{6E4EFB82-74C5-4606-83C6-E50B4FD369D0}.Release|Any CPU.ActiveCfg = Release|Any CPU
		{6E4EFB82-74C5-4606-83C6-E50B4FD369D0}.Release|Any CPU.Build.0 = Release|Any CPU
		{EBDE36AC-B8A9-4FE2-A9B7-FD1371DABD60}.Debug|Any CPU.ActiveCfg = Debug|Any CPU
		{EBDE36AC-B8A9-4FE2-A9B7-FD1371DABD60}.Debug|Any CPU.Build.0 = Debug|Any CPU
		{EBDE36AC-B8A9-4FE2-A9B7-FD1371DABD60}.Release|Any CPU.ActiveCfg = Release|Any CPU
		{EBDE36AC-B8A9-4FE2-A9B7-FD1371DABD60}.Release|Any CPU.Build.0 = Release|Any CPU
	EndGlobalSection
	GlobalSection(SolutionProperties) = preSolution
		HideSolutionNode = FALSE
	EndGlobalSection
EndGlobal
